
Microsoft Visual Studio Solution File, Format Version 12.00
# Visual Studio Version 17
VisualStudioVersion = 17.3.32811.315
MinimumVisualStudioVersion = 10.0.40219.1
Project("{FAE04EC0-301F-11D3-BF4B-00C04F79EFBC}") = "Due It.Android", "Due It\Due It.Android\Due It.Android.csproj", "{7C8F1712-86E2-4308-A15F-9FB39F2FE754}"
EndProject
Project("{FAE04EC0-301F-11D3-BF4B-00C04F79EFBC}") = "Due It", "Due It\Due It\Due It.csproj", "{9F1463E7-3C38-4CC8-B354-14131FF675B6}"
EndProject
Global
	GlobalSection(SolutionConfigurationPlatforms) = preSolution
		Debug|Any CPU = Debug|Any CPU
		Release|Any CPU = Release|Any CPU
	EndGlobalSection
	GlobalSection(ProjectConfigurationPlatforms) = postSolution
		{7C8F1712-86E2-4308-A15F-9FB39F2FE754}.Debug|Any CPU.ActiveCfg = Debug|Any CPU
		{7C8F1712-86E2-4308-A15F-9FB39F2FE754}.Debug|Any CPU.Build.0 = Debug|Any CPU
		{7C8F1712-86E2-4308-A15F-9FB39F2FE754}.Debug|Any CPU.Deploy.0 = Debug|Any CPU
		{7C8F1712-86E2-4308-A15F-9FB39F2FE754}.Release|Any CPU.ActiveCfg = Release|Any CPU
		{7C8F1712-86E2-4308-A15F-9FB39F2FE754}.Release|Any CPU.Build.0 = Release|Any CPU
		{7C8F1712-86E2-4308-A15F-9FB39F2FE754}.Release|Any CPU.Deploy.0 = Release|Any CPU
		{9F1463E7-3C38-4CC8-B354-14131FF675B6}.Debug|Any CPU.ActiveCfg = Debug|Any CPU
		{9F1463E7-3C38-4CC8-B354-14131FF675B6}.Debug|Any CPU.Build.0 = Debug|Any CPU
		{9F1463E7-3C38-4CC8-B354-14131FF675B6}.Debug|Any CPU.Deploy.0 = Debug|Any CPU
		{9F1463E7-3C38-4CC8-B354-14131FF675B6}.Release|Any CPU.ActiveCfg = Release|Any CPU
		{9F1463E7-3C38-4CC8-B354-14131FF675B6}.Release|Any CPU.Build.0 = Release|Any CPU
		{9F1463E7-3C38-4CC8-B354-14131FF675B6}.Release|Any CPU.Deploy.0 = Release|Any CPU
	EndGlobalSection
	GlobalSection(SolutionProperties) = preSolution
		HideSolutionNode = FALSE
	EndGlobalSection
	GlobalSection(ExtensibilityGlobals) = postSolution
		SolutionGuid = {F13A7D00-1004-4625-A196-3592CC1ADF05}
	EndGlobalSection
EndGlobal
